// !$*UTF8*$!
{
	archiveVersion = 1;
	classes = {
	};
	objectVersion = 50;
	objects = {

/* Begin PBXBuildFile section */
		59842500210B4A980088C737 /* RepositoryProtocol.swift in Sources */ = {isa = PBXBuildFile; fileRef = 598424FF210B4A980088C737 /* RepositoryProtocol.swift */; };
		59842502210B4BF00088C737 /* OwnerProtocol.swift in Sources */ = {isa = PBXBuildFile; fileRef = 59842501210B4BF00088C737 /* OwnerProtocol.swift */; };
		59842505210B4CEC0088C737 /* OwnerViewModel.swift in Sources */ = {isa = PBXBuildFile; fileRef = 59842504210B4CEC0088C737 /* OwnerViewModel.swift */; };
		59842507210B4FFC0088C737 /* RepositoryViewModel.swift in Sources */ = {isa = PBXBuildFile; fileRef = 59842506210B4FFC0088C737 /* RepositoryViewModel.swift */; };
		5984250A210B5E3F0088C737 /* ExtensionView.swift in Sources */ = {isa = PBXBuildFile; fileRef = 59842509210B5E3F0088C737 /* ExtensionView.swift */; };
		5984250C210B624F0088C737 /* PullRequestGettable.swift in Sources */ = {isa = PBXBuildFile; fileRef = 5984250B210B624F0088C737 /* PullRequestGettable.swift */; };
		5984250E210B62FE0088C737 /* PullRequest.swift in Sources */ = {isa = PBXBuildFile; fileRef = 5984250D210B62FE0088C737 /* PullRequest.swift */; };
		59842510210B64F90088C737 /* PullRequestService.swift in Sources */ = {isa = PBXBuildFile; fileRef = 5984250F210B64F90088C737 /* PullRequestService.swift */; };
		59B3AE022108BC8100E123E1 /* AppDelegate.swift in Sources */ = {isa = PBXBuildFile; fileRef = 59B3AE012108BC8100E123E1 /* AppDelegate.swift */; };
		59B3AE042108BC8100E123E1 /* ViewController.swift in Sources */ = {isa = PBXBuildFile; fileRef = 59B3AE032108BC8100E123E1 /* ViewController.swift */; };
		59B3AE072108BC8100E123E1 /* Main.storyboard in Resources */ = {isa = PBXBuildFile; fileRef = 59B3AE052108BC8100E123E1 /* Main.storyboard */; };
		59B3AE0A2108BC8100E123E1 /* Git_Java.xcdatamodeld in Sources */ = {isa = PBXBuildFile; fileRef = 59B3AE082108BC8100E123E1 /* Git_Java.xcdatamodeld */; };
		59B3AE0C2108BC8400E123E1 /* Assets.xcassets in Resources */ = {isa = PBXBuildFile; fileRef = 59B3AE0B2108BC8400E123E1 /* Assets.xcassets */; };
		59B3AE0F2108BC8400E123E1 /* LaunchScreen.storyboard in Resources */ = {isa = PBXBuildFile; fileRef = 59B3AE0D2108BC8400E123E1 /* LaunchScreen.storyboard */; };
		59B3AE1A2108BC8400E123E1 /* Git_JavaTests.swift in Sources */ = {isa = PBXBuildFile; fileRef = 59B3AE192108BC8400E123E1 /* Git_JavaTests.swift */; };
		59B3AE262108C13800E123E1 /* HTTPClient.swift in Sources */ = {isa = PBXBuildFile; fileRef = 59B3AE252108C13800E123E1 /* HTTPClient.swift */; };
		59B3AE282108C20D00E123E1 /* API.swift in Sources */ = {isa = PBXBuildFile; fileRef = 59B3AE272108C20D00E123E1 /* API.swift */; };
		59B3AE2B2108C37C00E123E1 /* RepositoryGettable.swift in Sources */ = {isa = PBXBuildFile; fileRef = 59B3AE2A2108C37C00E123E1 /* RepositoryGettable.swift */; };
		59B3AE2E2108C43C00E123E1 /* Repository.swift in Sources */ = {isa = PBXBuildFile; fileRef = 59B3AE2D2108C43C00E123E1 /* Repository.swift */; };
		59B3AE302108C75E00E123E1 /* Owner.swift in Sources */ = {isa = PBXBuildFile; fileRef = 59B3AE2F2108C75E00E123E1 /* Owner.swift */; };
		59B3AE332108EB7300E123E1 /* RepositoryService.swift in Sources */ = {isa = PBXBuildFile; fileRef = 59B3AE322108EB7300E123E1 /* RepositoryService.swift */; };
		59B3AE352108EF1C00E123E1 /* RepositoryResult.swift in Sources */ = {isa = PBXBuildFile; fileRef = 59B3AE342108EF1C00E123E1 /* RepositoryResult.swift */; };
		59B3AE3B2108F42100E123E1 /* RepositoryTableViewCell.swift in Sources */ = {isa = PBXBuildFile; fileRef = 59B3AE392108F42100E123E1 /* RepositoryTableViewCell.swift */; };
		59B3AE3C2108F42100E123E1 /* RepositoryTableViewCell.xib in Resources */ = {isa = PBXBuildFile; fileRef = 59B3AE3A2108F42100E123E1 /* RepositoryTableViewCell.xib */; };
		59B3AE3F2108FB7900E123E1 /* RepositoryTableViewController.swift in Sources */ = {isa = PBXBuildFile; fileRef = 59B3AE3E2108FB7900E123E1 /* RepositoryTableViewController.swift */; };
		59B6701621375E120024962A /* PullRequestTableViewCell.swift in Sources */ = {isa = PBXBuildFile; fileRef = 59B6701421375E120024962A /* PullRequestTableViewCell.swift */; };
		59B6701721375E120024962A /* PullRequestTableViewCell.xib in Resources */ = {isa = PBXBuildFile; fileRef = 59B6701521375E120024962A /* PullRequestTableViewCell.xib */; };
		59B6701A213767F50024962A /* PullRequestViewController.swift in Sources */ = {isa = PBXBuildFile; fileRef = 59B67019213767F50024962A /* PullRequestViewController.swift */; };
		59B6701C213770800024962A /* PullRequestProtocol.swift in Sources */ = {isa = PBXBuildFile; fileRef = 59B6701B213770800024962A /* PullRequestProtocol.swift */; };
		59B6701E213771010024962A /* PullRequestViewModel.swift in Sources */ = {isa = PBXBuildFile; fileRef = 59B6701D213771010024962A /* PullRequestViewModel.swift */; };
		59B6702021377CF20024962A /* ExtensionString.swift in Sources */ = {isa = PBXBuildFile; fileRef = 59B6701F21377CF20024962A /* ExtensionString.swift */; };
		848F88D51E2D3EC1A4D63E8E /* Pods_Git_JavaTests.framework in Frameworks */ = {isa = PBXBuildFile; fileRef = 0D7AC880616660692A0F5BD0 /* Pods_Git_JavaTests.framework */; };
		9325ECF50602E6D31E69537D /* Pods_Git_Java.framework in Frameworks */ = {isa = PBXBuildFile; fileRef = 4E5D030C4B3136FB70719732 /* Pods_Git_Java.framework */; };
/* End PBXBuildFile section */

/* Begin PBXContainerItemProxy section */
		59B3AE162108BC8400E123E1 /* PBXContainerItemProxy */ = {
			isa = PBXContainerItemProxy;
			containerPortal = 59B3ADF62108BC8100E123E1 /* Project object */;
			proxyType = 1;
			remoteGlobalIDString = 59B3ADFD2108BC8100E123E1;
			remoteInfo = "Git Java";
		};
/* End PBXContainerItemProxy section */

/* Begin PBXFileReference section */
		0D7AC880616660692A0F5BD0 /* Pods_Git_JavaTests.framework */ = {isa = PBXFileReference; explicitFileType = wrapper.framework; includeInIndex = 0; path = Pods_Git_JavaTests.framework; sourceTree = BUILT_PRODUCTS_DIR; };
		25061B29A76C5DA3D0CE020F /* Pods-Git JavaTests.debug.xcconfig */ = {isa = PBXFileReference; includeInIndex = 1; lastKnownFileType = text.xcconfig; name = "Pods-Git JavaTests.debug.xcconfig"; path = "Pods/Target Support Files/Pods-Git JavaTests/Pods-Git JavaTests.debug.xcconfig"; sourceTree = "<group>"; };
		4AE91A92C422CFF452BC70E5 /* Pods-Git JavaTests.release.xcconfig */ = {isa = PBXFileReference; includeInIndex = 1; lastKnownFileType = text.xcconfig; name = "Pods-Git JavaTests.release.xcconfig"; path = "Pods/Target Support Files/Pods-Git JavaTests/Pods-Git JavaTests.release.xcconfig"; sourceTree = "<group>"; };
		4E5D030C4B3136FB70719732 /* Pods_Git_Java.framework */ = {isa = PBXFileReference; explicitFileType = wrapper.framework; includeInIndex = 0; path = Pods_Git_Java.framework; sourceTree = BUILT_PRODUCTS_DIR; };
		598424FF210B4A980088C737 /* RepositoryProtocol.swift */ = {isa = PBXFileReference; lastKnownFileType = sourcecode.swift; path = RepositoryProtocol.swift; sourceTree = "<group>"; };
		59842501210B4BF00088C737 /* OwnerProtocol.swift */ = {isa = PBXFileReference; lastKnownFileType = sourcecode.swift; path = OwnerProtocol.swift; sourceTree = "<group>"; };
		59842504210B4CEC0088C737 /* OwnerViewModel.swift */ = {isa = PBXFileReference; lastKnownFileType = sourcecode.swift; path = OwnerViewModel.swift; sourceTree = "<group>"; };
		59842506210B4FFC0088C737 /* RepositoryViewModel.swift */ = {isa = PBXFileReference; lastKnownFileType = sourcecode.swift; path = RepositoryViewModel.swift; sourceTree = "<group>"; };
		59842509210B5E3F0088C737 /* ExtensionView.swift */ = {isa = PBXFileReference; lastKnownFileType = sourcecode.swift; path = ExtensionView.swift; sourceTree = "<group>"; };
		5984250B210B624F0088C737 /* PullRequestGettable.swift */ = {isa = PBXFileReference; lastKnownFileType = sourcecode.swift; path = PullRequestGettable.swift; sourceTree = "<group>"; };
		5984250D210B62FE0088C737 /* PullRequest.swift */ = {isa = PBXFileReference; lastKnownFileType = sourcecode.swift; path = PullRequest.swift; sourceTree = "<group>"; };
		5984250F210B64F90088C737 /* PullRequestService.swift */ = {isa = PBXFileReference; lastKnownFileType = sourcecode.swift; path = PullRequestService.swift; sourceTree = "<group>"; };
		59B3ADFE2108BC8100E123E1 /* Git Java.app */ = {isa = PBXFileReference; explicitFileType = wrapper.application; includeInIndex = 0; path = "Git Java.app"; sourceTree = BUILT_PRODUCTS_DIR; };
		59B3AE012108BC8100E123E1 /* AppDelegate.swift */ = {isa = PBXFileReference; lastKnownFileType = sourcecode.swift; path = AppDelegate.swift; sourceTree = "<group>"; };
		59B3AE032108BC8100E123E1 /* ViewController.swift */ = {isa = PBXFileReference; lastKnownFileType = sourcecode.swift; path = ViewController.swift; sourceTree = "<group>"; };
		59B3AE062108BC8100E123E1 /* Base */ = {isa = PBXFileReference; lastKnownFileType = file.storyboard; name = Base; path = Base.lproj/Main.storyboard; sourceTree = "<group>"; };
		59B3AE092108BC8100E123E1 /* Git_Java.xcdatamodel */ = {isa = PBXFileReference; lastKnownFileType = wrapper.xcdatamodel; path = Git_Java.xcdatamodel; sourceTree = "<group>"; };
		59B3AE0B2108BC8400E123E1 /* Assets.xcassets */ = {isa = PBXFileReference; lastKnownFileType = folder.assetcatalog; path = Assets.xcassets; sourceTree = "<group>"; };
		59B3AE0E2108BC8400E123E1 /* Base */ = {isa = PBXFileReference; lastKnownFileType = file.storyboard; name = Base; path = Base.lproj/LaunchScreen.storyboard; sourceTree = "<group>"; };
		59B3AE102108BC8400E123E1 /* Info.plist */ = {isa = PBXFileReference; lastKnownFileType = text.plist.xml; path = Info.plist; sourceTree = "<group>"; };
		59B3AE152108BC8400E123E1 /* Git JavaTests.xctest */ = {isa = PBXFileReference; explicitFileType = wrapper.cfbundle; includeInIndex = 0; path = "Git JavaTests.xctest"; sourceTree = BUILT_PRODUCTS_DIR; };
		59B3AE192108BC8400E123E1 /* Git_JavaTests.swift */ = {isa = PBXFileReference; lastKnownFileType = sourcecode.swift; path = Git_JavaTests.swift; sourceTree = "<group>"; };
		59B3AE1B2108BC8400E123E1 /* Info.plist */ = {isa = PBXFileReference; lastKnownFileType = text.plist.xml; path = Info.plist; sourceTree = "<group>"; };
		59B3AE252108C13800E123E1 /* HTTPClient.swift */ = {isa = PBXFileReference; lastKnownFileType = sourcecode.swift; path = HTTPClient.swift; sourceTree = "<group>"; };
		59B3AE272108C20D00E123E1 /* API.swift */ = {isa = PBXFileReference; lastKnownFileType = sourcecode.swift; path = API.swift; sourceTree = "<group>"; };
		59B3AE2A2108C37C00E123E1 /* RepositoryGettable.swift */ = {isa = PBXFileReference; lastKnownFileType = sourcecode.swift; path = RepositoryGettable.swift; sourceTree = "<group>"; };
		59B3AE2D2108C43C00E123E1 /* Repository.swift */ = {isa = PBXFileReference; lastKnownFileType = sourcecode.swift; path = Repository.swift; sourceTree = "<group>"; };
		59B3AE2F2108C75E00E123E1 /* Owner.swift */ = {isa = PBXFileReference; lastKnownFileType = sourcecode.swift; path = Owner.swift; sourceTree = "<group>"; };
		59B3AE322108EB7300E123E1 /* RepositoryService.swift */ = {isa = PBXFileReference; lastKnownFileType = sourcecode.swift; path = RepositoryService.swift; sourceTree = "<group>"; };
		59B3AE342108EF1C00E123E1 /* RepositoryResult.swift */ = {isa = PBXFileReference; lastKnownFileType = sourcecode.swift; path = RepositoryResult.swift; sourceTree = "<group>"; };
		59B3AE392108F42100E123E1 /* RepositoryTableViewCell.swift */ = {isa = PBXFileReference; lastKnownFileType = sourcecode.swift; path = RepositoryTableViewCell.swift; sourceTree = "<group>"; };
		59B3AE3A2108F42100E123E1 /* RepositoryTableViewCell.xib */ = {isa = PBXFileReference; lastKnownFileType = file.xib; path = RepositoryTableViewCell.xib; sourceTree = "<group>"; };
		59B3AE3E2108FB7900E123E1 /* RepositoryTableViewController.swift */ = {isa = PBXFileReference; lastKnownFileType = sourcecode.swift; path = RepositoryTableViewController.swift; sourceTree = "<group>"; };
		59B6701421375E120024962A /* PullRequestTableViewCell.swift */ = {isa = PBXFileReference; lastKnownFileType = sourcecode.swift; path = PullRequestTableViewCell.swift; sourceTree = "<group>"; };
		59B6701521375E120024962A /* PullRequestTableViewCell.xib */ = {isa = PBXFileReference; lastKnownFileType = file.xib; path = PullRequestTableViewCell.xib; sourceTree = "<group>"; };
		59B67019213767F50024962A /* PullRequestViewController.swift */ = {isa = PBXFileReference; lastKnownFileType = sourcecode.swift; path = PullRequestViewController.swift; sourceTree = "<group>"; };
		59B6701B213770800024962A /* PullRequestProtocol.swift */ = {isa = PBXFileReference; lastKnownFileType = sourcecode.swift; path = PullRequestProtocol.swift; sourceTree = "<group>"; };
		59B6701D213771010024962A /* PullRequestViewModel.swift */ = {isa = PBXFileReference; lastKnownFileType = sourcecode.swift; path = PullRequestViewModel.swift; sourceTree = "<group>"; };
		59B6701F21377CF20024962A /* ExtensionString.swift */ = {isa = PBXFileReference; lastKnownFileType = sourcecode.swift; path = ExtensionString.swift; sourceTree = "<group>"; };
		7152D024611055D8300BFB92 /* Pods-Git Java.debug.xcconfig */ = {isa = PBXFileReference; includeInIndex = 1; lastKnownFileType = text.xcconfig; name = "Pods-Git Java.debug.xcconfig"; path = "Pods/Target Support Files/Pods-Git Java/Pods-Git Java.debug.xcconfig"; sourceTree = "<group>"; };
		B68BBF5BF5A2C4D2F036C3E9 /* Pods-Git Java.release.xcconfig */ = {isa = PBXFileReference; includeInIndex = 1; lastKnownFileType = text.xcconfig; name = "Pods-Git Java.release.xcconfig"; path = "Pods/Target Support Files/Pods-Git Java/Pods-Git Java.release.xcconfig"; sourceTree = "<group>"; };
/* End PBXFileReference section */

/* Begin PBXFrameworksBuildPhase section */
		59B3ADFB2108BC8100E123E1 /* Frameworks */ = {
			isa = PBXFrameworksBuildPhase;
			buildActionMask = 2147483647;
			files = (
				9325ECF50602E6D31E69537D /* Pods_Git_Java.framework in Frameworks */,
			);
			runOnlyForDeploymentPostprocessing = 0;
		};
		59B3AE122108BC8400E123E1 /* Frameworks */ = {
			isa = PBXFrameworksBuildPhase;
			buildActionMask = 2147483647;
			files = (
				848F88D51E2D3EC1A4D63E8E /* Pods_Git_JavaTests.framework in Frameworks */,
			);
			runOnlyForDeploymentPostprocessing = 0;
		};
/* End PBXFrameworksBuildPhase section */

/* Begin PBXGroup section */
		1743CB8E2DD7FE0E6DEE49AC /* Pods */ = {
			isa = PBXGroup;
			children = (
				7152D024611055D8300BFB92 /* Pods-Git Java.debug.xcconfig */,
				B68BBF5BF5A2C4D2F036C3E9 /* Pods-Git Java.release.xcconfig */,
				25061B29A76C5DA3D0CE020F /* Pods-Git JavaTests.debug.xcconfig */,
				4AE91A92C422CFF452BC70E5 /* Pods-Git JavaTests.release.xcconfig */,
			);
			name = Pods;
			sourceTree = "<group>";
		};
		59842503210B4C8F0088C737 /* ViewModel */ = {
			isa = PBXGroup;
			children = (
				59842504210B4CEC0088C737 /* OwnerViewModel.swift */,
				59842506210B4FFC0088C737 /* RepositoryViewModel.swift */,
				59B6701D213771010024962A /* PullRequestViewModel.swift */,
			);
			path = ViewModel;
			sourceTree = "<group>";
		};
		59842508210B5E200088C737 /* Helper */ = {
			isa = PBXGroup;
			children = (
				59842509210B5E3F0088C737 /* ExtensionView.swift */,
				59B6701F21377CF20024962A /* ExtensionString.swift */,
			);
			path = Helper;
			sourceTree = "<group>";
		};
		59B3ADF52108BC8100E123E1 = {
			isa = PBXGroup;
			children = (
				59B3AE002108BC8100E123E1 /* Git Java */,
				59B3AE182108BC8400E123E1 /* Git JavaTests */,
				59B3ADFF2108BC8100E123E1 /* Products */,
				1743CB8E2DD7FE0E6DEE49AC /* Pods */,
				8C2F31972DA62ACB75037B13 /* Frameworks */,
			);
			sourceTree = "<group>";
		};
		59B3ADFF2108BC8100E123E1 /* Products */ = {
			isa = PBXGroup;
			children = (
				59B3ADFE2108BC8100E123E1 /* Git Java.app */,
				59B3AE152108BC8400E123E1 /* Git JavaTests.xctest */,
			);
			name = Products;
			sourceTree = "<group>";
		};
		59B3AE002108BC8100E123E1 /* Git Java */ = {
			isa = PBXGroup;
			children = (
				59842508210B5E200088C737 /* Helper */,
				59B3AE382108F3E700E123E1 /* Cell */,
				59B3AE372108F3A200E123E1 /* Storyboard */,
				59B3AE362108F39200E123E1 /* Controller */,
				59B3AE312108EA6600E123E1 /* Service */,
				59842503210B4C8F0088C737 /* ViewModel */,
				59B3AE2C2108C41400E123E1 /* Model */,
				59B3AE292108C33F00E123E1 /* Protocol */,
				59B3AE242108C11300E123E1 /* Network */,
				59B3AE012108BC8100E123E1 /* AppDelegate.swift */,
				59B3AE0B2108BC8400E123E1 /* Assets.xcassets */,
				59B3AE102108BC8400E123E1 /* Info.plist */,
				59B3AE082108BC8100E123E1 /* Git_Java.xcdatamodeld */,
			);
			path = "Git Java";
			sourceTree = "<group>";
		};
		59B3AE182108BC8400E123E1 /* Git JavaTests */ = {
			isa = PBXGroup;
			children = (
				59B3AE192108BC8400E123E1 /* Git_JavaTests.swift */,
				59B3AE1B2108BC8400E123E1 /* Info.plist */,
			);
			path = "Git JavaTests";
			sourceTree = "<group>";
		};
		59B3AE242108C11300E123E1 /* Network */ = {
			isa = PBXGroup;
			children = (
				59B3AE252108C13800E123E1 /* HTTPClient.swift */,
				59B3AE272108C20D00E123E1 /* API.swift */,
			);
			path = Network;
			sourceTree = "<group>";
		};
		59B3AE292108C33F00E123E1 /* Protocol */ = {
			isa = PBXGroup;
			children = (
				59B3AE2A2108C37C00E123E1 /* RepositoryGettable.swift */,
				598424FF210B4A980088C737 /* RepositoryProtocol.swift */,
				59842501210B4BF00088C737 /* OwnerProtocol.swift */,
				5984250B210B624F0088C737 /* PullRequestGettable.swift */,
				59B6701B213770800024962A /* PullRequestProtocol.swift */,
			);
			path = Protocol;
			sourceTree = "<group>";
		};
		59B3AE2C2108C41400E123E1 /* Model */ = {
			isa = PBXGroup;
			children = (
				59B3AE2D2108C43C00E123E1 /* Repository.swift */,
				59B3AE2F2108C75E00E123E1 /* Owner.swift */,
				59B3AE342108EF1C00E123E1 /* RepositoryResult.swift */,
				5984250D210B62FE0088C737 /* PullRequest.swift */,
			);
			path = Model;
			sourceTree = "<group>";
		};
		59B3AE312108EA6600E123E1 /* Service */ = {
			isa = PBXGroup;
			children = (
				59B3AE322108EB7300E123E1 /* RepositoryService.swift */,
				5984250F210B64F90088C737 /* PullRequestService.swift */,
			);
			path = Service;
			sourceTree = "<group>";
		};
		59B3AE362108F39200E123E1 /* Controller */ = {
			isa = PBXGroup;
			children = (
				59B3AE032108BC8100E123E1 /* ViewController.swift */,
				59B3AE3E2108FB7900E123E1 /* RepositoryTableViewController.swift */,
				59B67019213767F50024962A /* PullRequestViewController.swift */,
			);
			path = Controller;
			sourceTree = "<group>";
		};
		59B3AE372108F3A200E123E1 /* Storyboard */ = {
			isa = PBXGroup;
			children = (
				59B3AE052108BC8100E123E1 /* Main.storyboard */,
				59B3AE0D2108BC8400E123E1 /* LaunchScreen.storyboard */,
			);
			path = Storyboard;
			sourceTree = "<group>";
		};
		59B3AE382108F3E700E123E1 /* Cell */ = {
			isa = PBXGroup;
			children = (
				59B3AE3D2108F42D00E123E1 /* RepositoryTableViewCell */,
				59B6701821375E3C0024962A /* PullRequestTableViewCell */,
			);
			path = Cell;
			sourceTree = "<group>";
		};
		59B3AE3D2108F42D00E123E1 /* RepositoryTableViewCell */ = {
			isa = PBXGroup;
			children = (
				59B3AE392108F42100E123E1 /* RepositoryTableViewCell.swift */,
				59B3AE3A2108F42100E123E1 /* RepositoryTableViewCell.xib */,
			);
			path = RepositoryTableViewCell;
			sourceTree = "<group>";
		};
		59B6701821375E3C0024962A /* PullRequestTableViewCell */ = {
			isa = PBXGroup;
			children = (
				59B6701421375E120024962A /* PullRequestTableViewCell.swift */,
				59B6701521375E120024962A /* PullRequestTableViewCell.xib */,
			);
			path = PullRequestTableViewCell;
			sourceTree = "<group>";
		};
		8C2F31972DA62ACB75037B13 /* Frameworks */ = {
			isa = PBXGroup;
			children = (
				4E5D030C4B3136FB70719732 /* Pods_Git_Java.framework */,
				0D7AC880616660692A0F5BD0 /* Pods_Git_JavaTests.framework */,
			);
			name = Frameworks;
			sourceTree = "<group>";
		};
/* End PBXGroup section */

/* Begin PBXNativeTarget section */
		59B3ADFD2108BC8100E123E1 /* Git Java */ = {
			isa = PBXNativeTarget;
			buildConfigurationList = 59B3AE1E2108BC8400E123E1 /* Build configuration list for PBXNativeTarget "Git Java" */;
			buildPhases = (
				A62FBC01757826F9744CBA13 /* [CP] Check Pods Manifest.lock */,
				59B3ADFA2108BC8100E123E1 /* Sources */,
				59B3ADFB2108BC8100E123E1 /* Frameworks */,
				59B3ADFC2108BC8100E123E1 /* Resources */,
				B02ED76BAA03CFFF97A49388 /* [CP] Embed Pods Frameworks */,
			);
			buildRules = (
			);
			dependencies = (
			);
			name = "Git Java";
			productName = "Git Java";
			productReference = 59B3ADFE2108BC8100E123E1 /* Git Java.app */;
			productType = "com.apple.product-type.application";
		};
		59B3AE142108BC8400E123E1 /* Git JavaTests */ = {
			isa = PBXNativeTarget;
			buildConfigurationList = 59B3AE212108BC8400E123E1 /* Build configuration list for PBXNativeTarget "Git JavaTests" */;
			buildPhases = (
				14AB9F4D528C589146FF5D2F /* [CP] Check Pods Manifest.lock */,
				59B3AE112108BC8400E123E1 /* Sources */,
				59B3AE122108BC8400E123E1 /* Frameworks */,
				59B3AE132108BC8400E123E1 /* Resources */,
			);
			buildRules = (
			);
			dependencies = (
				59B3AE172108BC8400E123E1 /* PBXTargetDependency */,
			);
			name = "Git JavaTests";
			productName = "Git JavaTests";
			productReference = 59B3AE152108BC8400E123E1 /* Git JavaTests.xctest */;
			productType = "com.apple.product-type.bundle.unit-test";
		};
/* End PBXNativeTarget section */

/* Begin PBXProject section */
		59B3ADF62108BC8100E123E1 /* Project object */ = {
			isa = PBXProject;
			attributes = {
				LastSwiftUpdateCheck = 0940;
				LastUpgradeCheck = 0940;
				ORGANIZATIONNAME = Neis;
				TargetAttributes = {
					59B3ADFD2108BC8100E123E1 = {
						CreatedOnToolsVersion = 9.4.1;
					};
					59B3AE142108BC8400E123E1 = {
						CreatedOnToolsVersion = 9.4.1;
						TestTargetID = 59B3ADFD2108BC8100E123E1;
					};
				};
			};
			buildConfigurationList = 59B3ADF92108BC8100E123E1 /* Build configuration list for PBXProject "Git Java" */;
			compatibilityVersion = "Xcode 9.3";
			developmentRegion = en;
			hasScannedForEncodings = 0;
			knownRegions = (
				en,
				Base,
			);
			mainGroup = 59B3ADF52108BC8100E123E1;
			productRefGroup = 59B3ADFF2108BC8100E123E1 /* Products */;
			projectDirPath = "";
			projectRoot = "";
			targets = (
				59B3ADFD2108BC8100E123E1 /* Git Java */,
				59B3AE142108BC8400E123E1 /* Git JavaTests */,
			);
		};
/* End PBXProject section */

/* Begin PBXResourcesBuildPhase section */
		59B3ADFC2108BC8100E123E1 /* Resources */ = {
			isa = PBXResourcesBuildPhase;
			buildActionMask = 2147483647;
			files = (
				59B3AE0F2108BC8400E123E1 /* LaunchScreen.storyboard in Resources */,
				59B3AE0C2108BC8400E123E1 /* Assets.xcassets in Resources */,
				59B3AE072108BC8100E123E1 /* Main.storyboard in Resources */,
				59B6701721375E120024962A /* PullRequestTableViewCell.xib in Resources */,
				59B3AE3C2108F42100E123E1 /* RepositoryTableViewCell.xib in Resources */,
			);
			runOnlyForDeploymentPostprocessing = 0;
		};
		59B3AE132108BC8400E123E1 /* Resources */ = {
			isa = PBXResourcesBuildPhase;
			buildActionMask = 2147483647;
			files = (
			);
			runOnlyForDeploymentPostprocessing = 0;
		};
/* End PBXResourcesBuildPhase section */

/* Begin PBXShellScriptBuildPhase section */
		14AB9F4D528C589146FF5D2F /* [CP] Check Pods Manifest.lock */ = {
			isa = PBXShellScriptBuildPhase;
			buildActionMask = 2147483647;
			files = (
			);
			inputPaths = (
				"${PODS_PODFILE_DIR_PATH}/Podfile.lock",
				"${PODS_ROOT}/Manifest.lock",
			);
			name = "[CP] Check Pods Manifest.lock";
			outputPaths = (
				"$(DERIVED_FILE_DIR)/Pods-Git JavaTests-checkManifestLockResult.txt",
			);
			runOnlyForDeploymentPostprocessing = 0;
			shellPath = /bin/sh;
			shellScript = "diff \"${PODS_PODFILE_DIR_PATH}/Podfile.lock\" \"${PODS_ROOT}/Manifest.lock\" > /dev/null\nif [ $? != 0 ] ; then\n    # print error to STDERR\n    echo \"error: The sandbox is not in sync with the Podfile.lock. Run 'pod install' or update your CocoaPods installation.\" >&2\n    exit 1\nfi\n# This output is used by Xcode 'outputs' to avoid re-running this script phase.\necho \"SUCCESS\" > \"${SCRIPT_OUTPUT_FILE_0}\"\n";
			showEnvVarsInLog = 0;
		};
		A62FBC01757826F9744CBA13 /* [CP] Check Pods Manifest.lock */ = {
			isa = PBXShellScriptBuildPhase;
			buildActionMask = 2147483647;
			files = (
			);
			inputPaths = (
				"${PODS_PODFILE_DIR_PATH}/Podfile.lock",
				"${PODS_ROOT}/Manifest.lock",
			);
			name = "[CP] Check Pods Manifest.lock";
			outputPaths = (
				"$(DERIVED_FILE_DIR)/Pods-Git Java-checkManifestLockResult.txt",
			);
			runOnlyForDeploymentPostprocessing = 0;
			shellPath = /bin/sh;
			shellScript = "diff \"${PODS_PODFILE_DIR_PATH}/Podfile.lock\" \"${PODS_ROOT}/Manifest.lock\" > /dev/null\nif [ $? != 0 ] ; then\n    # print error to STDERR\n    echo \"error: The sandbox is not in sync with the Podfile.lock. Run 'pod install' or update your CocoaPods installation.\" >&2\n    exit 1\nfi\n# This output is used by Xcode 'outputs' to avoid re-running this script phase.\necho \"SUCCESS\" > \"${SCRIPT_OUTPUT_FILE_0}\"\n";
			showEnvVarsInLog = 0;
		};
		B02ED76BAA03CFFF97A49388 /* [CP] Embed Pods Frameworks */ = {
			isa = PBXShellScriptBuildPhase;
			buildActionMask = 2147483647;
			files = (
			);
			inputPaths = (
				"${SRCROOT}/Pods/Target Support Files/Pods-Git Java/Pods-Git Java-frameworks.sh",
				"${BUILT_PRODUCTS_DIR}/Alamofire/Alamofire.framework",
				"${BUILT_PRODUCTS_DIR}/Kingfisher/Kingfisher.framework",
			);
			name = "[CP] Embed Pods Frameworks";
			outputPaths = (
				"${TARGET_BUILD_DIR}/${FRAMEWORKS_FOLDER_PATH}/Alamofire.framework",
				"${TARGET_BUILD_DIR}/${FRAMEWORKS_FOLDER_PATH}/Kingfisher.framework",
			);
			runOnlyForDeploymentPostprocessing = 0;
			shellPath = /bin/sh;
			shellScript = "\"${SRCROOT}/Pods/Target Support Files/Pods-Git Java/Pods-Git Java-frameworks.sh\"\n";
			showEnvVarsInLog = 0;
		};
/* End PBXShellScriptBuildPhase section */

/* Begin PBXSourcesBuildPhase section */
		59B3ADFA2108BC8100E123E1 /* Sources */ = {
			isa = PBXSourcesBuildPhase;
			buildActionMask = 2147483647;
			files = (
				59842507210B4FFC0088C737 /* RepositoryViewModel.swift in Sources */,
				59B3AE2E2108C43C00E123E1 /* Repository.swift in Sources */,
				59B3AE042108BC8100E123E1 /* ViewController.swift in Sources */,
				59B3AE352108EF1C00E123E1 /* RepositoryResult.swift in Sources */,
				59B3AE302108C75E00E123E1 /* Owner.swift in Sources */,
				59B3AE0A2108BC8100E123E1 /* Git_Java.xcdatamodeld in Sources */,
				59842502210B4BF00088C737 /* OwnerProtocol.swift in Sources */,
				59B6701E213771010024962A /* PullRequestViewModel.swift in Sources */,
				5984250E210B62FE0088C737 /* PullRequest.swift in Sources */,
				59842505210B4CEC0088C737 /* OwnerViewModel.swift in Sources */,
				59B6701621375E120024962A /* PullRequestTableViewCell.swift in Sources */,
				59B6701C213770800024962A /* PullRequestProtocol.swift in Sources */,
				59842500210B4A980088C737 /* RepositoryProtocol.swift in Sources */,
				59842510210B64F90088C737 /* PullRequestService.swift in Sources */,
				59B3AE262108C13800E123E1 /* HTTPClient.swift in Sources */,
				59B6702021377CF20024962A /* ExtensionString.swift in Sources */,
				5984250A210B5E3F0088C737 /* ExtensionView.swift in Sources */,
				59B3AE3B2108F42100E123E1 /* RepositoryTableViewCell.swift in Sources */,
				59B3AE2B2108C37C00E123E1 /* RepositoryGettable.swift in Sources */,
				59B3AE332108EB7300E123E1 /* RepositoryService.swift in Sources */,
				5984250C210B624F0088C737 /* PullRequestGettable.swift in Sources */,
				59B3AE3F2108FB7900E123E1 /* RepositoryTableViewController.swift in Sources */,
				59B6701A213767F50024962A /* PullRequestViewController.swift in Sources */,
				59B3AE022108BC8100E123E1 /* AppDelegate.swift in Sources */,
				59B3AE282108C20D00E123E1 /* API.swift in Sources */,
			);
			runOnlyForDeploymentPostprocessing = 0;
		};
		59B3AE112108BC8400E123E1 /* Sources */ = {
			isa = PBXSourcesBuildPhase;
			buildActionMask = 2147483647;
			files = (
				59B3AE1A2108BC8400E123E1 /* Git_JavaTests.swift in Sources */,
			);
			runOnlyForDeploymentPostprocessing = 0;
		};
/* End PBXSourcesBuildPhase section */

/* Begin PBXTargetDependency section */
		59B3AE172108BC8400E123E1 /* PBXTargetDependency */ = {
			isa = PBXTargetDependency;
			target = 59B3ADFD2108BC8100E123E1 /* Git Java */;
			targetProxy = 59B3AE162108BC8400E123E1 /* PBXContainerItemProxy */;
		};
/* End PBXTargetDependency section */

/* Begin PBXVariantGroup section */
		59B3AE052108BC8100E123E1 /* Main.storyboard */ = {
			isa = PBXVariantGroup;
			children = (
				59B3AE062108BC8100E123E1 /* Base */,
			);
			name = Main.storyboard;
			sourceTree = "<group>";
		};
		59B3AE0D2108BC8400E123E1 /* LaunchScreen.storyboard */ = {
			isa = PBXVariantGroup;
			children = (
				59B3AE0E2108BC8400E123E1 /* Base */,
			);
			name = LaunchScreen.storyboard;
			sourceTree = "<group>";
		};
/* End PBXVariantGroup section */

/* Begin XCBuildConfiguration section */
		59B3AE1C2108BC8400E123E1 /* Debug */ = {
			isa = XCBuildConfiguration;
			buildSettings = {
				ALWAYS_SEARCH_USER_PATHS = NO;
				CLANG_ANALYZER_NONNULL = YES;
				CLANG_ANALYZER_NUMBER_OBJECT_CONVERSION = YES_AGGRESSIVE;
				CLANG_CXX_LANGUAGE_STANDARD = "gnu++14";
				CLANG_CXX_LIBRARY = "libc++";
				CLANG_ENABLE_MODULES = YES;
				CLANG_ENABLE_OBJC_ARC = YES;
				CLANG_ENABLE_OBJC_WEAK = YES;
				CLANG_WARN_BLOCK_CAPTURE_AUTORELEASING = YES;
				CLANG_WARN_BOOL_CONVERSION = YES;
				CLANG_WARN_COMMA = YES;
				CLANG_WARN_CONSTANT_CONVERSION = YES;
				CLANG_WARN_DEPRECATED_OBJC_IMPLEMENTATIONS = YES;
				CLANG_WARN_DIRECT_OBJC_ISA_USAGE = YES_ERROR;
				CLANG_WARN_DOCUMENTATION_COMMENTS = YES;
				CLANG_WARN_EMPTY_BODY = YES;
				CLANG_WARN_ENUM_CONVERSION = YES;
				CLANG_WARN_INFINITE_RECURSION = YES;
				CLANG_WARN_INT_CONVERSION = YES;
				CLANG_WARN_NON_LITERAL_NULL_CONVERSION = YES;
				CLANG_WARN_OBJC_IMPLICIT_RETAIN_SELF = YES;
				CLANG_WARN_OBJC_LITERAL_CONVERSION = YES;
				CLANG_WARN_OBJC_ROOT_CLASS = YES_ERROR;
				CLANG_WARN_RANGE_LOOP_ANALYSIS = YES;
				CLANG_WARN_STRICT_PROTOTYPES = YES;
				CLANG_WARN_SUSPICIOUS_MOVE = YES;
				CLANG_WARN_UNGUARDED_AVAILABILITY = YES_AGGRESSIVE;
				CLANG_WARN_UNREACHABLE_CODE = YES;
				CLANG_WARN__DUPLICATE_METHOD_MATCH = YES;
				CODE_SIGN_IDENTITY = "iPhone Developer";
				COPY_PHASE_STRIP = NO;
				DEBUG_INFORMATION_FORMAT = dwarf;
				ENABLE_STRICT_OBJC_MSGSEND = YES;
				ENABLE_TESTABILITY = YES;
				GCC_C_LANGUAGE_STANDARD = gnu11;
				GCC_DYNAMIC_NO_PIC = NO;
				GCC_NO_COMMON_BLOCKS = YES;
				GCC_OPTIMIZATION_LEVEL = 0;
				GCC_PREPROCESSOR_DEFINITIONS = (
					"DEBUG=1",
					"$(inherited)",
				);
				GCC_WARN_64_TO_32_BIT_CONVERSION = YES;
				GCC_WARN_ABOUT_RETURN_TYPE = YES_ERROR;
				GCC_WARN_UNDECLARED_SELECTOR = YES;
				GCC_WARN_UNINITIALIZED_AUTOS = YES_AGGRESSIVE;
				GCC_WARN_UNUSED_FUNCTION = YES;
				GCC_WARN_UNUSED_VARIABLE = YES;
				IPHONEOS_DEPLOYMENT_TARGET = 11.4;
				MTL_ENABLE_DEBUG_INFO = YES;
				ONLY_ACTIVE_ARCH = YES;
				SDKROOT = iphoneos;
				SWIFT_ACTIVE_COMPILATION_CONDITIONS = DEBUG;
				SWIFT_OPTIMIZATION_LEVEL = "-Onone";
			};
			name = Debug;
		};
		59B3AE1D2108BC8400E123E1 /* Release */ = {
			isa = XCBuildConfiguration;
			buildSettings = {
				ALWAYS_SEARCH_USER_PATHS = NO;
				CLANG_ANALYZER_NONNULL = YES;
				CLANG_ANALYZER_NUMBER_OBJECT_CONVERSION = YES_AGGRESSIVE;
				CLANG_CXX_LANGUAGE_STANDARD = "gnu++14";
				CLANG_CXX_LIBRARY = "libc++";
				CLANG_ENABLE_MODULES = YES;
				CLANG_ENABLE_OBJC_ARC = YES;
				CLANG_ENABLE_OBJC_WEAK = YES;
				CLANG_WARN_BLOCK_CAPTURE_AUTORELEASING = YES;
				CLANG_WARN_BOOL_CONVERSION = YES;
				CLANG_WARN_COMMA = YES;
				CLANG_WARN_CONSTANT_CONVERSION = YES;
				CLANG_WARN_DEPRECATED_OBJC_IMPLEMENTATIONS = YES;
				CLANG_WARN_DIRECT_OBJC_ISA_USAGE = YES_ERROR;
				CLANG_WARN_DOCUMENTATION_COMMENTS = YES;
				CLANG_WARN_EMPTY_BODY = YES;
				CLANG_WARN_ENUM_CONVERSION = YES;
				CLANG_WARN_INFINITE_RECURSION = YES;
				CLANG_WARN_INT_CONVERSION = YES;
				CLANG_WARN_NON_LITERAL_NULL_CONVERSION = YES;
				CLANG_WARN_OBJC_IMPLICIT_RETAIN_SELF = YES;
				CLANG_WARN_OBJC_LITERAL_CONVERSION = YES;
				CLANG_WARN_OBJC_ROOT_CLASS = YES_ERROR;
				CLANG_WARN_RANGE_LOOP_ANALYSIS = YES;
				CLANG_WARN_STRICT_PROTOTYPES = YES;
				CLANG_WARN_SUSPICIOUS_MOVE = YES;
				CLANG_WARN_UNGUARDED_AVAILABILITY = YES_AGGRESSIVE;
				CLANG_WARN_UNREACHABLE_CODE = YES;
				CLANG_WARN__DUPLICATE_METHOD_MATCH = YES;
				CODE_SIGN_IDENTITY = "iPhone Developer";
				COPY_PHASE_STRIP = NO;
				DEBUG_INFORMATION_FORMAT = "dwarf-with-dsym";
				ENABLE_NS_ASSERTIONS = NO;
				ENABLE_STRICT_OBJC_MSGSEND = YES;
				GCC_C_LANGUAGE_STANDARD = gnu11;
				GCC_NO_COMMON_BLOCKS = YES;
				GCC_WARN_64_TO_32_BIT_CONVERSION = YES;
				GCC_WARN_ABOUT_RETURN_TYPE = YES_ERROR;
				GCC_WARN_UNDECLARED_SELECTOR = YES;
				GCC_WARN_UNINITIALIZED_AUTOS = YES_AGGRESSIVE;
				GCC_WARN_UNUSED_FUNCTION = YES;
				GCC_WARN_UNUSED_VARIABLE = YES;
				IPHONEOS_DEPLOYMENT_TARGET = 11.4;
				MTL_ENABLE_DEBUG_INFO = NO;
				SDKROOT = iphoneos;
				SWIFT_COMPILATION_MODE = wholemodule;
				SWIFT_OPTIMIZATION_LEVEL = "-O";
				VALIDATE_PRODUCT = YES;
			};
			name = Release;
		};
		59B3AE1F2108BC8400E123E1 /* Debug */ = {
			isa = XCBuildConfiguration;
			baseConfigurationReference = 7152D024611055D8300BFB92 /* Pods-Git Java.debug.xcconfig */;
			buildSettings = {
				ASSETCATALOG_COMPILER_APPICON_NAME = AppIcon;
				CODE_SIGN_IDENTITY = "iPhone Developer";
				CODE_SIGN_STYLE = Automatic;
				DEVELOPMENT_TEAM = QN59N4GB7C;
				INFOPLIST_FILE = "Git Java/Info.plist";
				IPHONEOS_DEPLOYMENT_TARGET = 11.4;
				LD_RUNPATH_SEARCH_PATHS = (
					"$(inherited)",
					"@executable_path/Frameworks",
				);
				PRODUCT_BUNDLE_IDENTIFIER = "com.filipeneis.Git-Java";
				PRODUCT_NAME = "$(TARGET_NAME)";
				PROVISIONING_PROFILE_SPECIFIER = "";
				SWIFT_VERSION = 4.0;
				TARGETED_DEVICE_FAMILY = "1,2";
			};
			name = Debug;
		};
		59B3AE202108BC8400E123E1 /* Release */ = {
			isa = XCBuildConfiguration;
			baseConfigurationReference = B68BBF5BF5A2C4D2F036C3E9 /* Pods-Git Java.release.xcconfig */;
			buildSettings = {
				ASSETCATALOG_COMPILER_APPICON_NAME = AppIcon;
				CODE_SIGN_IDENTITY = "iPhone Developer";
				CODE_SIGN_STYLE = Automatic;
				DEVELOPMENT_TEAM = QN59N4GB7C;
				INFOPLIST_FILE = "Git Java/Info.plist";
				IPHONEOS_DEPLOYMENT_TARGET = 11.4;
				LD_RUNPATH_SEARCH_PATHS = (
					"$(inherited)",
					"@executable_path/Frameworks",
				);
				PRODUCT_BUNDLE_IDENTIFIER = "com.filipeneis.Git-Java";
				PRODUCT_NAME = "$(TARGET_NAME)";
				PROVISIONING_PROFILE_SPECIFIER = "";
				SWIFT_VERSION = 4.0;
				TARGETED_DEVICE_FAMILY = "1,2";
			};
			name = Release;
		};
		59B3AE222108BC8400E123E1 /* Debug */ = {
			isa = XCBuildConfiguration;
			baseConfigurationReference = 25061B29A76C5DA3D0CE020F /* Pods-Git JavaTests.debug.xcconfig */;
			buildSettings = {
				ALWAYS_EMBED_SWIFT_STANDARD_LIBRARIES = YES;
				BUNDLE_LOADER = "$(TEST_HOST)";
				CODE_SIGN_STYLE = Automatic;
				DEVELOPMENT_TEAM = QN59N4GB7C;
				INFOPLIST_FILE = "Git JavaTests/Info.plist";
				LD_RUNPATH_SEARCH_PATHS = (
					"$(inherited)",
					"@executable_path/Frameworks",
					"@loader_path/Frameworks",
				);
				PRODUCT_BUNDLE_IDENTIFIER = "com.filipeneis.Git-JavaTests";
				PRODUCT_NAME = "$(TARGET_NAME)";
				SWIFT_VERSION = 4.0;
				TARGETED_DEVICE_FAMILY = "1,2";
				TEST_HOST = "$(BUILT_PRODUCTS_DIR)/Git Java.app/Git Java";
			};
			name = Debug;
		};
		59B3AE232108BC8400E123E1 /* Release */ = {
			isa = XCBuildConfiguration;
			baseConfigurationReference = 4AE91A92C422CFF452BC70E5 /* Pods-Git JavaTests.release.xcconfig */;
			buildSettings = {
				ALWAYS_EMBED_SWIFT_STANDARD_LIBRARIES = YES;
				BUNDLE_LOADER = "$(TEST_HOST)";
				CODE_SIGN_STYLE = Automatic;
				DEVELOPMENT_TEAM = QN59N4GB7C;
				INFOPLIST_FILE = "Git JavaTests/Info.plist";
				LD_RUNPATH_SEARCH_PATHS = (
					"$(inherited)",
					"@executable_path/Frameworks",
					"@loader_path/Frameworks",
				);
				PRODUCT_BUNDLE_IDENTIFIER = "com.filipeneis.Git-JavaTests";
				PRODUCT_NAME = "$(TARGET_NAME)";
				SWIFT_VERSION = 4.0;
				TARGETED_DEVICE_FAMILY = "1,2";
				TEST_HOST = "$(BUILT_PRODUCTS_DIR)/Git Java.app/Git Java";
			};
			name = Release;
		};
/* End XCBuildConfiguration section */

/* Begin XCConfigurationList section */
		59B3ADF92108BC8100E123E1 /* Build configuration list for PBXProject "Git Java" */ = {
			isa = XCConfigurationList;
			buildConfigurations = (
				59B3AE1C2108BC8400E123E1 /* Debug */,
				59B3AE1D2108BC8400E123E1 /* Release */,
			);
			defaultConfigurationIsVisible = 0;
			defaultConfigurationName = Release;
		};
		59B3AE1E2108BC8400E123E1 /* Build configuration list for PBXNativeTarget "Git Java" */ = {
			isa = XCConfigurationList;
			buildConfigurations = (
				59B3AE1F2108BC8400E123E1 /* Debug */,
				59B3AE202108BC8400E123E1 /* Release */,
			);
			defaultConfigurationIsVisible = 0;
			defaultConfigurationName = Release;
		};
		59B3AE212108BC8400E123E1 /* Build configuration list for PBXNativeTarget "Git JavaTests" */ = {
			isa = XCConfigurationList;
			buildConfigurations = (
				59B3AE222108BC8400E123E1 /* Debug */,
				59B3AE232108BC8400E123E1 /* Release */,
			);
			defaultConfigurationIsVisible = 0;
			defaultConfigurationName = Release;
		};
/* End XCConfigurationList section */

/* Begin XCVersionGroup section */
		59B3AE082108BC8100E123E1 /* Git_Java.xcdatamodeld */ = {
			isa = XCVersionGroup;
			children = (
				59B3AE092108BC8100E123E1 /* Git_Java.xcdatamodel */,
			);
			currentVersion = 59B3AE092108BC8100E123E1 /* Git_Java.xcdatamodel */;
			path = Git_Java.xcdatamodeld;
			sourceTree = "<group>";
			versionGroupType = wrapper.xcdatamodel;
		};
/* End XCVersionGroup section */
	};
	rootObject = 59B3ADF62108BC8100E123E1 /* Project object */;
}
